
Microsoft Visual Studio Solution File, Format Version 12.00
# Visual Studio 2013
VisualStudioVersion = 12.0.21005.1
MinimumVisualStudioVersion = 10.0.40219.1
Project("{FAE04EC0-301F-11D3-BF4B-00C04F79EFBC}") = "Practice", "Practice\Practice.csproj", "{0686A48F-E636-4B0D-A5EC-E086C7FC4EE6}"
EndProject
Project("{FAE04EC0-301F-11D3-BF4B-00C04F79EFBC}") = "Practice.Tests", "Practice.Tests\Practice.Tests.csproj", "{99D0B9DA-D207-49E0-815E-1E42CDBBB1AC}"
EndProject
Project("{FAE04EC0-301F-11D3-BF4B-00C04F79EFBC}") = "Algorithms", "Algorithms\Algorithms.csproj", "{892A66AD-CFF2-4E23-9DB7-572C23747BB1}"
EndProject
Project("{FAE04EC0-301F-11D3-BF4B-00C04F79EFBC}") = "ThreadingConsoleApp", "ThreadingConsoleApp\ThreadingConsoleApp.csproj", "{23F5605B-E741-49AA-A6E2-A64671DF814A}"
EndProject
Global
	GlobalSection(SolutionConfigurationPlatforms) = preSolution
		Debug|Any CPU = Debug|Any CPU
		Release|Any CPU = Release|Any CPU
	EndGlobalSection
	GlobalSection(ProjectConfigurationPlatforms) = postSolution
		{0686A48F-E636-4B0D-A5EC-E086C7FC4EE6}.Debug|Any CPU.ActiveCfg = Debug|Any CPU
		{0686A48F-E636-4B0D-A5EC-E086C7FC4EE6}.Debug|Any CPU.Build.0 = Debug|Any CPU
		{0686A48F-E636-4B0D-A5EC-E086C7FC4EE6}.Release|Any CPU.ActiveCfg = Release|Any CPU
		{0686A48F-E636-4B0D-A5EC-E086C7FC4EE6}.Release|Any CPU.Build.0 = Release|Any CPU
		{99D0B9DA-D207-49E0-815E-1E42CDBBB1AC}.Debug|Any CPU.ActiveCfg = Debug|Any CPU
		{99D0B9DA-D207-49E0-815E-1E42CDBBB1AC}.Debug|Any CPU.Build.0 = Debug|Any CPU
		{99D0B9DA-D207-49E0-815E-1E42CDBBB1AC}.Release|Any CPU.ActiveCfg = Release|Any CPU
		{99D0B9DA-D207-49E0-815E-1E42CDBBB1AC}.Release|Any CPU.Build.0 = Release|Any CPU
		{892A66AD-CFF2-4E23-9DB7-572C23747BB1}.Debug|Any CPU.ActiveCfg = Debug|Any CPU
		{892A66AD-CFF2-4E23-9DB7-572C23747BB1}.Debug|Any CPU.Build.0 = Debug|Any CPU
		{892A66AD-CFF2-4E23-9DB7-572C23747BB1}.Release|Any CPU.ActiveCfg = Release|Any CPU
		{892A66AD-CFF2-4E23-9DB7-572C23747BB1}.Release|Any CPU.Build.0 = Release|Any CPU
		{23F5605B-E741-49AA-A6E2-A64671DF814A}.Debug|Any CPU.ActiveCfg = Debug|Any CPU
		{23F5605B-E741-49AA-A6E2-A64671DF814A}.Debug|Any CPU.Build.0 = Debug|Any CPU
		{23F5605B-E741-49AA-A6E2-A64671DF814A}.Release|Any CPU.ActiveCfg = Release|Any CPU
		{23F5605B-E741-49AA-A6E2-A64671DF814A}.Release|Any CPU.Build.0 = Release|Any CPU
	EndGlobalSection
	GlobalSection(SolutionProperties) = preSolution
		HideSolutionNode = FALSE
	EndGlobalSection
EndGlobal
